
Microsoft Visual Studio Solution File, Format Version 12.00
# Visual Studio Version 16
VisualStudioVersion = 16.0.28902.138
MinimumVisualStudioVersion = 10.0.40219.1
Project("{FAE04EC0-301F-11D3-BF4B-00C04F79EFBC}") = "DolInvitation", "DolInvitation\DolInvitation.csproj", "{FE3D2AD6-03D7-4BD4-B390-9BA555103A2A}"
EndProject
Global
	GlobalSection(SolutionConfigurationPlatforms) = preSolution
		Debug|Any CPU = Debug|Any CPU
		Release|Any CPU = Release|Any CPU
	EndGlobalSection
	GlobalSection(ProjectConfigurationPlatforms) = postSolution
		{FE3D2AD6-03D7-4BD4-B390-9BA555103A2A}.Debug|Any CPU.ActiveCfg = Debug|Any CPU
		{FE3D2AD6-03D7-4BD4-B390-9BA555103A2A}.Debug|Any CPU.Build.0 = Debug|Any CPU
		{FE3D2AD6-03D7-4BD4-B390-9BA555103A2A}.Release|Any CPU.ActiveCfg = Release|Any CPU
		{FE3D2AD6-03D7-4BD4-B390-9BA555103A2A}.Release|Any CPU.Build.0 = Release|Any CPU
	EndGlobalSection
	GlobalSection(SolutionProperties) = preSolution
		HideSolutionNode = FALSE
	EndGlobalSection
	GlobalSection(ExtensibilityGlobals) = postSolution
		SolutionGuid = {333B327D-8A53-4B2D-B721-655892CC52BA}
	EndGlobalSection
EndGlobal
